
Microsoft Visual Studio Solution File, Format Version 12.00
# Visual Studio Version 17
VisualStudioVersion = 17.3.32811.315
MinimumVisualStudioVersion = 10.0.40219.1
Project("{FAE04EC0-301F-11D3-BF4B-00C04F79EFBC}") = "AccessSharedFolderWithCredentials", "AccessSharedFolderWithCredentials.csproj", "{D2434D42-FA8A-4CEC-AB07-ADAF1869A5FC}"
EndProject
Global
	GlobalSection(SolutionConfigurationPlatforms) = preSolution
		Debug|Any CPU = Debug|Any CPU
		Release|Any CPU = Release|Any CPU
	EndGlobalSection
	GlobalSection(ProjectConfigurationPlatforms) = postSolution
		{D2434D42-FA8A-4CEC-AB07-ADAF1869A5FC}.Debug|Any CPU.ActiveCfg = Debug|Any CPU
		{D2434D42-FA8A-4CEC-AB07-ADAF1869A5FC}.Debug|Any CPU.Build.0 = Debug|Any CPU
		{D2434D42-FA8A-4CEC-AB07-ADAF1869A5FC}.Release|Any CPU.ActiveCfg = Release|Any CPU
		{D2434D42-FA8A-4CEC-AB07-ADAF1869A5FC}.Release|Any CPU.Build.0 = Release|Any CPU
	EndGlobalSection
	GlobalSection(SolutionProperties) = preSolution
		HideSolutionNode = FALSE
	EndGlobalSection
	GlobalSection(ExtensibilityGlobals) = postSolution
		SolutionGuid = {185E61B8-0A37-4096-8989-DF41ACF866C6}
	EndGlobalSection
EndGlobal
